
Microsoft Visual Studio Solution File, Format Version 12.00
# Visual Studio Version 17
VisualStudioVersion = 17.5.2.0
MinimumVisualStudioVersion = 10.0.40219.1
Project("{2150E333-8FDC-42A3-9474-1A3956D46DE8}") = "aritmetica", "aritmetica", "{A5B706B8-3523-8579-CA97-F295DCA3683F}"
EndProject
Project("{2150E333-8FDC-42A3-9474-1A3956D46DE8}") = "array", "array", "{8F9A096E-4E6F-0AE2-7328-1551D8C9161B}"
EndProject
Project("{2150E333-8FDC-42A3-9474-1A3956D46DE8}") = "laço de repetição", "laço de repetição", "{697083BE-EEF4-1717-5C89-D8FABE18057D}"
EndProject
Project("{2150E333-8FDC-42A3-9474-1A3956D46DE8}") = "operador de comparação", "operador de comparação", "{BA2733B1-7D1F-5514-13F8-4306EBE51C45}"
EndProject
Project("{FAE04EC0-301F-11D3-BF4B-00C04F79EFBC}") = "exercicio 3", "aritmetica\exercicio 3.csproj", "{38ECB571-363D-4D80-F24C-838A183B24AE}"
EndProject
Project("{FAE04EC0-301F-11D3-BF4B-00C04F79EFBC}") = "exercicio 2", "aritmetica\exercicio 2\exercicio 2.csproj", "{46265BD2-871F-E037-558B-2F2B1766CB0D}"
EndProject
Project("{FAE04EC0-301F-11D3-BF4B-00C04F79EFBC}") = "exercicio 4", "aritmetica\exercicio 4\exercicio 4.csproj", "{2208961F-C99C-A378-4D31-A0CB479BFF79}"
EndProject
Project("{FAE04EC0-301F-11D3-BF4B-00C04F79EFBC}") = "exercicio 15", "array\exercicio 15\exercicio 15.csproj", "{F3BF15DE-4FFD-C9F3-52B3-15597CC73EA1}"
EndProject
Project("{FAE04EC0-301F-11D3-BF4B-00C04F79EFBC}") = "exercicio 16", "array\exercicio 16\exercicio 16.csproj", "{A58A938B-36B2-C2B5-50D5-DD4CFDF78DDE}"
EndProject
Project("{FAE04EC0-301F-11D3-BF4B-00C04F79EFBC}") = "exercicio 17", "array\exercicio 17\exercicio 17.csproj", "{F5B78D7C-EC88-3A64-5471-2DA9834A9A2B}"
EndProject
Project("{FAE04EC0-301F-11D3-BF4B-00C04F79EFBC}") = "exercicio 18", "array\exercicio 18\exercicio 18.csproj", "{CBDCF7EB-6C7B-1E56-3368-EAD8F3044181}"
EndProject
Project("{FAE04EC0-301F-11D3-BF4B-00C04F79EFBC}") = "exercicio 10", "laço de repetição\exercicio 10\exercicio 10.csproj", "{D23BFEDA-4CB0-82A3-36B6-547AEEB19D62}"
EndProject
Project("{FAE04EC0-301F-11D3-BF4B-00C04F79EFBC}") = "exercicio 11", "laço de repetição\exercicio 11\exercicio 11.csproj", "{0C67DAA4-9589-C4B4-EB8E-FA4A888D66CC}"
EndProject
Project("{FAE04EC0-301F-11D3-BF4B-00C04F79EFBC}") = "exercicio 12", "laço de repetição\exercicio 12\exercicio 12.csproj", "{7929F7FC-11E8-562C-A673-15B006312C47}"
EndProject
Project("{FAE04EC0-301F-11D3-BF4B-00C04F79EFBC}") = "exercicio 13", "laço de repetição\exercicio 13\exercicio 13.csproj", "{5E082E50-E742-63AE-B330-D3F4165F27FE}"
EndProject
Project("{FAE04EC0-301F-11D3-BF4B-00C04F79EFBC}") = "exercicio 14", "laço de repetição\exercicio 14\exercicio 14.csproj", "{2B039B58-9B2E-94AA-3E9E-7F7EC5516E91}"
EndProject
Project("{FAE04EC0-301F-11D3-BF4B-00C04F79EFBC}") = "exercicio 5", "operador de comparação\exercicio 5\exercicio 5.csproj", "{A0B79847-383A-E9E7-2F15-4C0C3B71AE0D}"
EndProject
Project("{FAE04EC0-301F-11D3-BF4B-00C04F79EFBC}") = "exercicio 6", "operador de comparação\exercicio 6\exercicio 6.csproj", "{516BDD5E-48C6-B55D-EA3D-27BC147C41D4}"
EndProject
Project("{FAE04EC0-301F-11D3-BF4B-00C04F79EFBC}") = "exercicio 7", "operador de comparação\exercicio 7\exercicio 7.csproj", "{0AB61184-6EFC-AA56-F03B-B33D6601B5C7}"
EndProject
Project("{FAE04EC0-301F-11D3-BF4B-00C04F79EFBC}") = "exercicio 8", "operador de comparação\exercicio 8\exercicio 8.csproj", "{F21CD1EC-DC21-4B2D-3916-637497FFD3D8}"
EndProject
Project("{FAE04EC0-301F-11D3-BF4B-00C04F79EFBC}") = "exercicio 9", "operador de comparação\exercicio 9\exercicio 9.csproj", "{A0966FBA-0572-374C-78F2-11C215C921E8}"
EndProject
Project("{2150E333-8FDC-42A3-9474-1A3956D46DE8}") = "exercicio 4 (1)", "exercicio 4 (1)", "{0870BF40-60FE-76D4-895E-B2F98F663F06}"
EndProject
Project("{FAE04EC0-301F-11D3-BF4B-00C04F79EFBC}") = "exercicio", "aritmetica\exercicio 4\exercicio\exercicio.csproj", "{665F1378-9170-BEBE-30A3-FF873BD755B4}"
EndProject
Global
	GlobalSection(SolutionConfigurationPlatforms) = preSolution
		Debug|Any CPU = Debug|Any CPU
		Release|Any CPU = Release|Any CPU
	EndGlobalSection
	GlobalSection(ProjectConfigurationPlatforms) = postSolution
		{38ECB571-363D-4D80-F24C-838A183B24AE}.Debug|Any CPU.ActiveCfg = Debug|Any CPU
		{38ECB571-363D-4D80-F24C-838A183B24AE}.Debug|Any CPU.Build.0 = Debug|Any CPU
		{38ECB571-363D-4D80-F24C-838A183B24AE}.Release|Any CPU.ActiveCfg = Release|Any CPU
		{38ECB571-363D-4D80-F24C-838A183B24AE}.Release|Any CPU.Build.0 = Release|Any CPU
		{46265BD2-871F-E037-558B-2F2B1766CB0D}.Debug|Any CPU.ActiveCfg = Debug|Any CPU
		{46265BD2-871F-E037-558B-2F2B1766CB0D}.Debug|Any CPU.Build.0 = Debug|Any CPU
		{46265BD2-871F-E037-558B-2F2B1766CB0D}.Release|Any CPU.ActiveCfg = Release|Any CPU
		{46265BD2-871F-E037-558B-2F2B1766CB0D}.Release|Any CPU.Build.0 = Release|Any CPU
		{2208961F-C99C-A378-4D31-A0CB479BFF79}.Debug|Any CPU.ActiveCfg = Debug|Any CPU
		{2208961F-C99C-A378-4D31-A0CB479BFF79}.Debug|Any CPU.Build.0 = Debug|Any CPU
		{2208961F-C99C-A378-4D31-A0CB479BFF79}.Release|Any CPU.ActiveCfg = Release|Any CPU
		{2208961F-C99C-A378-4D31-A0CB479BFF79}.Release|Any CPU.Build.0 = Release|Any CPU
		{F3BF15DE-4FFD-C9F3-52B3-15597CC73EA1}.Debug|Any CPU.ActiveCfg = Debug|Any CPU
		{F3BF15DE-4FFD-C9F3-52B3-15597CC73EA1}.Debug|Any CPU.Build.0 = Debug|Any CPU
		{F3BF15DE-4FFD-C9F3-52B3-15597CC73EA1}.Release|Any CPU.ActiveCfg = Release|Any CPU
		{F3BF15DE-4FFD-C9F3-52B3-15597CC73EA1}.Release|Any CPU.Build.0 = Release|Any CPU
		{A58A938B-36B2-C2B5-50D5-DD4CFDF78DDE}.Debug|Any CPU.ActiveCfg = Debug|Any CPU
		{A58A938B-36B2-C2B5-50D5-DD4CFDF78DDE}.Debug|Any CPU.Build.0 = Debug|Any CPU
		{A58A938B-36B2-C2B5-50D5-DD4CFDF78DDE}.Release|Any CPU.ActiveCfg = Release|Any CPU
		{A58A938B-36B2-C2B5-50D5-DD4CFDF78DDE}.Release|Any CPU.Build.0 = Release|Any CPU
		{F5B78D7C-EC88-3A64-5471-2DA9834A9A2B}.Debug|Any CPU.ActiveCfg = Debug|Any CPU
		{F5B78D7C-EC88-3A64-5471-2DA9834A9A2B}.Debug|Any CPU.Build.0 = Debug|Any CPU
		{F5B78D7C-EC88-3A64-5471-2DA9834A9A2B}.Release|Any CPU.ActiveCfg = Release|Any CPU
		{F5B78D7C-EC88-3A64-5471-2DA9834A9A2B}.Release|Any CPU.Build.0 = Release|Any CPU
		{CBDCF7EB-6C7B-1E56-3368-EAD8F3044181}.Debug|Any CPU.ActiveCfg = Debug|Any CPU
		{CBDCF7EB-6C7B-1E56-3368-EAD8F3044181}.Debug|Any CPU.Build.0 = Debug|Any CPU
		{CBDCF7EB-6C7B-1E56-3368-EAD8F3044181}.Release|Any CPU.ActiveCfg = Release|Any CPU
		{CBDCF7EB-6C7B-1E56-3368-EAD8F3044181}.Release|Any CPU.Build.0 = Release|Any CPU
		{D23BFEDA-4CB0-82A3-36B6-547AEEB19D62}.Debug|Any CPU.ActiveCfg = Debug|Any CPU
		{D23BFEDA-4CB0-82A3-36B6-547AEEB19D62}.Debug|Any CPU.Build.0 = Debug|Any CPU
		{D23BFEDA-4CB0-82A3-36B6-547AEEB19D62}.Release|Any CPU.ActiveCfg = Release|Any CPU
		{D23BFEDA-4CB0-82A3-36B6-547AEEB19D62}.Release|Any CPU.Build.0 = Release|Any CPU
		{0C67DAA4-9589-C4B4-EB8E-FA4A888D66CC}.Debug|Any CPU.ActiveCfg = Debug|Any CPU
		{0C67DAA4-9589-C4B4-EB8E-FA4A888D66CC}.Debug|Any CPU.Build.0 = Debug|Any CPU
		{0C67DAA4-9589-C4B4-EB8E-FA4A888D66CC}.Release|Any CPU.ActiveCfg = Release|Any CPU
		{0C67DAA4-9589-C4B4-EB8E-FA4A888D66CC}.Release|Any CPU.Build.0 = Release|Any CPU
		{7929F7FC-11E8-562C-A673-15B006312C47}.Debug|Any CPU.ActiveCfg = Debug|Any CPU
		{7929F7FC-11E8-562C-A673-15B006312C47}.Debug|Any CPU.Build.0 = Debug|Any CPU
		{7929F7FC-11E8-562C-A673-15B006312C47}.Release|Any CPU.ActiveCfg = Release|Any CPU
		{7929F7FC-11E8-562C-A673-15B006312C47}.Release|Any CPU.Build.0 = Release|Any CPU
		{5E082E50-E742-63AE-B330-D3F4165F27FE}.Debug|Any CPU.ActiveCfg = Debug|Any CPU
		{5E082E50-E742-63AE-B330-D3F4165F27FE}.Debug|Any CPU.Build.0 = Debug|Any CPU
		{5E082E50-E742-63AE-B330-D3F4165F27FE}.Release|Any CPU.ActiveCfg = Release|Any CPU
		{5E082E50-E742-63AE-B330-D3F4165F27FE}.Release|Any CPU.Build.0 = Release|Any CPU
		{2B039B58-9B2E-94AA-3E9E-7F7EC5516E91}.Debug|Any CPU.ActiveCfg = Debug|Any CPU
		{2B039B58-9B2E-94AA-3E9E-7F7EC5516E91}.Debug|Any CPU.Build.0 = Debug|Any CPU
		{2B039B58-9B2E-94AA-3E9E-7F7EC5516E91}.Release|Any CPU.ActiveCfg = Release|Any CPU
		{2B039B58-9B2E-94AA-3E9E-7F7EC5516E91}.Release|Any CPU.Build.0 = Release|Any CPU
		{A0B79847-383A-E9E7-2F15-4C0C3B71AE0D}.Debug|Any CPU.ActiveCfg = Debug|Any CPU
		{A0B79847-383A-E9E7-2F15-4C0C3B71AE0D}.Debug|Any CPU.Build.0 = Debug|Any CPU
		{A0B79847-383A-E9E7-2F15-4C0C3B71AE0D}.Release|Any CPU.ActiveCfg = Release|Any CPU
		{A0B79847-383A-E9E7-2F15-4C0C3B71AE0D}.Release|Any CPU.Build.0 = Release|Any CPU
		{516BDD5E-48C6-B55D-EA3D-27BC147C41D4}.Debug|Any CPU.ActiveCfg = Debug|Any CPU
		{516BDD5E-48C6-B55D-EA3D-27BC147C41D4}.Debug|Any CPU.Build.0 = Debug|Any CPU
		{516BDD5E-48C6-B55D-EA3D-27BC147C41D4}.Release|Any CPU.ActiveCfg = Release|Any CPU
		{516BDD5E-48C6-B55D-EA3D-27BC147C41D4}.Release|Any CPU.Build.0 = Release|Any CPU
		{0AB61184-6EFC-AA56-F03B-B33D6601B5C7}.Debug|Any CPU.ActiveCfg = Debug|Any CPU
		{0AB61184-6EFC-AA56-F03B-B33D6601B5C7}.Debug|Any CPU.Build.0 = Debug|Any CPU
		{0AB61184-6EFC-AA56-F03B-B33D6601B5C7}.Release|Any CPU.ActiveCfg = Release|Any CPU
		{0AB61184-6EFC-AA56-F03B-B33D6601B5C7}.Release|Any CPU.Build.0 = Release|Any CPU
		{F21CD1EC-DC21-4B2D-3916-637497FFD3D8}.Debug|Any CPU.ActiveCfg = Debug|Any CPU
		{F21CD1EC-DC21-4B2D-3916-637497FFD3D8}.Debug|Any CPU.Build.0 = Debug|Any CPU
		{F21CD1EC-DC21-4B2D-3916-637497FFD3D8}.Release|Any CPU.ActiveCfg = Release|Any CPU
		{F21CD1EC-DC21-4B2D-3916-637497FFD3D8}.Release|Any CPU.Build.0 = Release|Any CPU
		{A0966FBA-0572-374C-78F2-11C215C921E8}.Debug|Any CPU.ActiveCfg = Debug|Any CPU
		{A0966FBA-0572-374C-78F2-11C215C921E8}.Debug|Any CPU.Build.0 = Debug|Any CPU
		{A0966FBA-0572-374C-78F2-11C215C921E8}.Release|Any CPU.ActiveCfg = Release|Any CPU
		{A0966FBA-0572-374C-78F2-11C215C921E8}.Release|Any CPU.Build.0 = Release|Any CPU
		{665F1378-9170-BEBE-30A3-FF873BD755B4}.Debug|Any CPU.ActiveCfg = Debug|Any CPU
		{665F1378-9170-BEBE-30A3-FF873BD755B4}.Debug|Any CPU.Build.0 = Debug|Any CPU
		{665F1378-9170-BEBE-30A3-FF873BD755B4}.Release|Any CPU.ActiveCfg = Release|Any CPU
		{665F1378-9170-BEBE-30A3-FF873BD755B4}.Release|Any CPU.Build.0 = Release|Any CPU
	EndGlobalSection
	GlobalSection(SolutionProperties) = preSolution
		HideSolutionNode = FALSE
	EndGlobalSection
	GlobalSection(NestedProjects) = preSolution
		{38ECB571-363D-4D80-F24C-838A183B24AE} = {A5B706B8-3523-8579-CA97-F295DCA3683F}
		{46265BD2-871F-E037-558B-2F2B1766CB0D} = {A5B706B8-3523-8579-CA97-F295DCA3683F}
		{2208961F-C99C-A378-4D31-A0CB479BFF79} = {A5B706B8-3523-8579-CA97-F295DCA3683F}
		{F3BF15DE-4FFD-C9F3-52B3-15597CC73EA1} = {8F9A096E-4E6F-0AE2-7328-1551D8C9161B}
		{A58A938B-36B2-C2B5-50D5-DD4CFDF78DDE} = {8F9A096E-4E6F-0AE2-7328-1551D8C9161B}
		{F5B78D7C-EC88-3A64-5471-2DA9834A9A2B} = {8F9A096E-4E6F-0AE2-7328-1551D8C9161B}
		{CBDCF7EB-6C7B-1E56-3368-EAD8F3044181} = {8F9A096E-4E6F-0AE2-7328-1551D8C9161B}
		{D23BFEDA-4CB0-82A3-36B6-547AEEB19D62} = {697083BE-EEF4-1717-5C89-D8FABE18057D}
		{0C67DAA4-9589-C4B4-EB8E-FA4A888D66CC} = {697083BE-EEF4-1717-5C89-D8FABE18057D}
		{7929F7FC-11E8-562C-A673-15B006312C47} = {697083BE-EEF4-1717-5C89-D8FABE18057D}
		{5E082E50-E742-63AE-B330-D3F4165F27FE} = {697083BE-EEF4-1717-5C89-D8FABE18057D}
		{2B039B58-9B2E-94AA-3E9E-7F7EC5516E91} = {697083BE-EEF4-1717-5C89-D8FABE18057D}
		{A0B79847-383A-E9E7-2F15-4C0C3B71AE0D} = {BA2733B1-7D1F-5514-13F8-4306EBE51C45}
		{516BDD5E-48C6-B55D-EA3D-27BC147C41D4} = {BA2733B1-7D1F-5514-13F8-4306EBE51C45}
		{0AB61184-6EFC-AA56-F03B-B33D6601B5C7} = {BA2733B1-7D1F-5514-13F8-4306EBE51C45}
		{F21CD1EC-DC21-4B2D-3916-637497FFD3D8} = {BA2733B1-7D1F-5514-13F8-4306EBE51C45}
		{A0966FBA-0572-374C-78F2-11C215C921E8} = {BA2733B1-7D1F-5514-13F8-4306EBE51C45}
		{0870BF40-60FE-76D4-895E-B2F98F663F06} = {A5B706B8-3523-8579-CA97-F295DCA3683F}
		{665F1378-9170-BEBE-30A3-FF873BD755B4} = {0870BF40-60FE-76D4-895E-B2F98F663F06}
	EndGlobalSection
	GlobalSection(ExtensibilityGlobals) = postSolution
		SolutionGuid = {567797F0-BBBF-42DD-8849-5CD5E8E8E6E5}
	EndGlobalSection
EndGlobal
